
Microsoft Visual Studio Solution File, Format Version 12.00
# Visual Studio Version 16
VisualStudioVersion = 16.0.33927.289
MinimumVisualStudioVersion = 10.0.40219.1
Project("{2150E333-8FDC-42A3-9474-1A3956D46DE8}") = "Task0", "Task0", "{18B9C7AF-A3B6-451E-9472-6F5DEB6CA217}"
EndProject
Project("{FAE04EC0-301F-11D3-BF4B-00C04F79EFBC}") = "Tyuiu.YagodinVA.Sprint2.Task0.V7", "Tyuiu.YagodinVA.Sprint2.Task0.V7\Tyuiu.YagodinVA.Sprint2.Task0.V7.csproj", "{E846D43A-CA20-481E-B483-6E9B705D7E0C}"
EndProject
Project("{FAE04EC0-301F-11D3-BF4B-00C04F79EFBC}") = "Tyuiu.YagodinVA.Sprint2.Task0.V7.Lib", "Tyuiu.YagodinVA.Sprint2.Task0.V7.Lib\Tyuiu.YagodinVA.Sprint2.Task0.V7.Lib.csproj", "{72F9D5E7-65FB-4F9B-BB0C-36F74F03925E}"
EndProject
Project("{FAE04EC0-301F-11D3-BF4B-00C04F79EFBC}") = "Tyuiu.YagodinVA.Sprint2.Task0.V7.Test", "Tyuiu.YagodinVA.Sprint2.Task0.V7.Test\Tyuiu.YagodinVA.Sprint2.Task0.V7.Test.csproj", "{50730021-5D27-4DCD-9CFA-E65D1D96E2CB}"
EndProject
Project("{2150E333-8FDC-42A3-9474-1A3956D46DE8}") = "Task1", "Task1", "{2A2F24AC-AFF7-41C8-89BB-3265BFF753ED}"
EndProject
Project("{FAE04EC0-301F-11D3-BF4B-00C04F79EFBC}") = "Tyuiu.YagodinVA.Sprint2.Task1.V15", "Tyuiu.YagodinVA.Sprint2.Task1.V15\Tyuiu.YagodinVA.Sprint2.Task1.V15.csproj", "{D8727DBF-F2DD-41A6-8A1D-C8190A8263FE}"
EndProject
Project("{FAE04EC0-301F-11D3-BF4B-00C04F79EFBC}") = "Tyuiu.YagodinVA.Sprint2.Task1.V15.Lib", "Tyuiu.YagodinVA.Sprint2.Task1.V15.Lib\Tyuiu.YagodinVA.Sprint2.Task1.V15.Lib.csproj", "{AFE151C9-82F8-47EA-8831-673C45A7ADD4}"
EndProject
Project("{FAE04EC0-301F-11D3-BF4B-00C04F79EFBC}") = "Tyuiu.YagodinVA.Sprint2.Task1.V15.Test", "Tyuiu.YagodinVA.Sprint2.Task1.V15.Test\Tyuiu.YagodinVA.Sprint2.Task1.V15.Test.csproj", "{31444FF0-F9CA-424F-A1AD-0884DCD9474C}"
EndProject
Project("{2150E333-8FDC-42A3-9474-1A3956D46DE8}") = "Task2", "Task2", "{77EBE75C-6629-4029-8C31-3C4384E665BC}"
EndProject
Project("{FAE04EC0-301F-11D3-BF4B-00C04F79EFBC}") = "Tyuiu.YagodinVA.Sprint2.Task2.V26", "Tyuiu.YagodinVA.Sprint2.Task2.V26\Tyuiu.YagodinVA.Sprint2.Task2.V26.csproj", "{465599BE-E260-4232-A685-E8232F3221D2}"
EndProject
Project("{FAE04EC0-301F-11D3-BF4B-00C04F79EFBC}") = "Tyuiu.YagodinVA.Sprint2.Task2.V26.Lib", "Tyuiu.YagodinVA.Sprint2.Task2.V26.Lib\Tyuiu.YagodinVA.Sprint2.Task2.V26.Lib.csproj", "{A9058C9D-2616-4D0A-BE47-60FFE8F29AA3}"
EndProject
Project("{FAE04EC0-301F-11D3-BF4B-00C04F79EFBC}") = "Tyuiu.YagodinVA.Sprint2.Task2.V26.Test", "Tyuiu.YagodinVA.Sprint2.Task2.V26.Test\Tyuiu.YagodinVA.Sprint2.Task2.V26.Test.csproj", "{FAAD1712-F617-4931-844E-9BF4678A1715}"
EndProject
Project("{2150E333-8FDC-42A3-9474-1A3956D46DE8}") = "Task3", "Task3", "{0332BA42-D198-426B-A581-8A7D4B2FF5FE}"
EndProject
Project("{FAE04EC0-301F-11D3-BF4B-00C04F79EFBC}") = "Tyuiu.YagodinVA.Sprint2.Task3.V8", "Tyuiu.YagodinVA.Sprint2.Task3.V8\Tyuiu.YagodinVA.Sprint2.Task3.V8.csproj", "{C3876915-9EF5-4879-962C-E15F52877B7C}"
EndProject
Project("{FAE04EC0-301F-11D3-BF4B-00C04F79EFBC}") = "Tyuiu.YagodinVA.Sprint2.Task3.V8.Lib", "Tyuiu.YagodinVA.Sprint2.Task3.V8.Lib\Tyuiu.YagodinVA.Sprint2.Task3.V8.Lib.csproj", "{33C9A05D-179E-40AC-B2C9-F7880A644E69}"
EndProject
Project("{FAE04EC0-301F-11D3-BF4B-00C04F79EFBC}") = "Tyuiu.YagodinVA.Sprint2.Task3.V8.Test", "Tyuiu.YagodinVA.Sprint2.Task3.V8.Test\Tyuiu.YagodinVA.Sprint2.Task3.V8.Test.csproj", "{4EF39EA6-1485-4A1D-A770-C5E90F015D36}"
EndProject
Project("{2150E333-8FDC-42A3-9474-1A3956D46DE8}") = "Task4", "Task4", "{7BF7A959-9780-4C30-A4C1-CD27665E8E4E}"
EndProject
Project("{FAE04EC0-301F-11D3-BF4B-00C04F79EFBC}") = "Tyuiu.YagodinVA.Sprint2.Task4.V14", "Tyuiu.YagodinVA.Sprint2.Task4.V14\Tyuiu.YagodinVA.Sprint2.Task4.V14.csproj", "{3FDE455B-8A67-4A2C-94F7-30D4FAD9A2E3}"
EndProject
Project("{FAE04EC0-301F-11D3-BF4B-00C04F79EFBC}") = "Tyuiu.YagodinVA.Sprint2.Task4.V14.Test", "Tyuiu.YagodinVA.Sprint2.Task4.V14.Test\Tyuiu.YagodinVA.Sprint2.Task4.V14.Test.csproj", "{602363C0-8B06-436B-8D6F-3133C7718BBE}"
EndProject
Project("{FAE04EC0-301F-11D3-BF4B-00C04F79EFBC}") = "Tyuiu.YagodinVA.Sprint2.Task4.V14.Lib", "Tyuiu.YagodinVA.Sprint2.Task4.V14.Lib\Tyuiu.YagodinVA.Sprint2.Task4.V14.Lib.csproj", "{914B46C0-9244-4BE8-9CA2-E94CB8C615C7}"
EndProject
Project("{2150E333-8FDC-42A3-9474-1A3956D46DE8}") = "Task5", "Task5", "{C9072148-BCD0-402C-A20A-B469096323C1}"
EndProject
Project("{FAE04EC0-301F-11D3-BF4B-00C04F79EFBC}") = "Tyuiu.YagodinVA.Sprint2.Task5.V13", "Tyuiu.YagodinVA.Sprint2.Task5.V13\Tyuiu.YagodinVA.Sprint2.Task5.V13.csproj", "{905A2DC4-F643-4CB9-BE0F-86F3F4A37E52}"
EndProject
Project("{FAE04EC0-301F-11D3-BF4B-00C04F79EFBC}") = "Tyuiu.YagodinVA.Sprint2.Task5.V13.Test", "Tyuiu.YagodinVA.Sprint2.Task5.V13.Test\Tyuiu.YagodinVA.Sprint2.Task5.V13.Test.csproj", "{31CCB5FF-4DD9-476B-B2F1-B0297394BB6C}"
EndProject
Project("{FAE04EC0-301F-11D3-BF4B-00C04F79EFBC}") = "Tyuiu.YagodinVA.Sprint2.Task5.V13.Lib", "Tyuiu.YagodinVA.Sprint2.Task5.V13.Lib\Tyuiu.YagodinVA.Sprint2.Task5.V13.Lib.csproj", "{02A99EC9-536E-4D2B-BD9E-1F7A8B9AF4B5}"
EndProject
Project("{2150E333-8FDC-42A3-9474-1A3956D46DE8}") = "Task6", "Task6", "{5BB6BFCB-F87C-4D15-A5D1-57462763E358}"
EndProject
Project("{FAE04EC0-301F-11D3-BF4B-00C04F79EFBC}") = "Tyuiu.YagodinVA.Sprint2.Task6.V2", "Tyuiu.YagodinVA.Sprint2.Task6.V2\Tyuiu.YagodinVA.Sprint2.Task6.V2.csproj", "{D1BD4004-0025-4A16-9227-E3E8646B7C45}"
EndProject
Project("{FAE04EC0-301F-11D3-BF4B-00C04F79EFBC}") = "Tyuiu.YagodinVA.Sprint2.Task6.V2.Lib", "Tyuiu.YagodinVA.Sprint2.Task6.V2.Lib\Tyuiu.YagodinVA.Sprint2.Task6.V2.Lib.csproj", "{FAD874BE-C46E-42FF-8726-B9EA9B09CAE5}"
EndProject
Project("{FAE04EC0-301F-11D3-BF4B-00C04F79EFBC}") = "Tyuiu.YagodinVA.Sprint2.Task6.V2.Test", "Tyuiu.YagodinVA.Sprint2.Task6.V2.Test\Tyuiu.YagodinVA.Sprint2.Task6.V2.Test.csproj", "{168EDFA6-A714-45EF-9319-C3705DE3EF0A}"
EndProject
Project("{2150E333-8FDC-42A3-9474-1A3956D46DE8}") = "Task7", "Task7", "{FEE37CC1-8C18-45F9-BCB7-D643723D6520}"
EndProject
Project("{FAE04EC0-301F-11D3-BF4B-00C04F79EFBC}") = "Tyuiu.YagodinVA.Sprint2.Task7.V13", "Tyuiu.YagodinVA.Sprint2.Task7.V13\Tyuiu.YagodinVA.Sprint2.Task7.V13.csproj", "{E7C1A4A9-6D14-4AE5-A017-5989509D09F5}"
EndProject
Project("{FAE04EC0-301F-11D3-BF4B-00C04F79EFBC}") = "Tyuiu.YagodinVA.Sprint2.Task7.V13.Lib", "Tyuiu.YagodinVA.Sprint2.Task7.V13.Lib\Tyuiu.YagodinVA.Sprint2.Task7.V13.Lib.csproj", "{F366F9E1-0115-4A66-B7C3-A2EF966DC561}"
EndProject
Project("{FAE04EC0-301F-11D3-BF4B-00C04F79EFBC}") = "Tyuiu.YagodinVA.Sprint2.Task7.V13.Test", "Tyuiu.YagodinVA.Sprint2.Task7.V13.Test\Tyuiu.YagodinVA.Sprint2.Task7.V13.Test.csproj", "{D851F521-085C-41A1-B0AD-51AC00D11FC9}"
EndProject
Global
	GlobalSection(SolutionConfigurationPlatforms) = preSolution
		Debug|Any CPU = Debug|Any CPU
		Release|Any CPU = Release|Any CPU
	EndGlobalSection
	GlobalSection(ProjectConfigurationPlatforms) = postSolution
		{E846D43A-CA20-481E-B483-6E9B705D7E0C}.Debug|Any CPU.ActiveCfg = Debug|Any CPU
		{E846D43A-CA20-481E-B483-6E9B705D7E0C}.Debug|Any CPU.Build.0 = Debug|Any CPU
		{E846D43A-CA20-481E-B483-6E9B705D7E0C}.Release|Any CPU.ActiveCfg = Release|Any CPU
		{E846D43A-CA20-481E-B483-6E9B705D7E0C}.Release|Any CPU.Build.0 = Release|Any CPU
		{72F9D5E7-65FB-4F9B-BB0C-36F74F03925E}.Debug|Any CPU.ActiveCfg = Debug|Any CPU
		{72F9D5E7-65FB-4F9B-BB0C-36F74F03925E}.Debug|Any CPU.Build.0 = Debug|Any CPU
		{72F9D5E7-65FB-4F9B-BB0C-36F74F03925E}.Release|Any CPU.ActiveCfg = Release|Any CPU
		{72F9D5E7-65FB-4F9B-BB0C-36F74F03925E}.Release|Any CPU.Build.0 = Release|Any CPU
		{50730021-5D27-4DCD-9CFA-E65D1D96E2CB}.Debug|Any CPU.ActiveCfg = Debug|Any CPU
		{50730021-5D27-4DCD-9CFA-E65D1D96E2CB}.Debug|Any CPU.Build.0 = Debug|Any CPU
		{50730021-5D27-4DCD-9CFA-E65D1D96E2CB}.Release|Any CPU.ActiveCfg = Release|Any CPU
		{50730021-5D27-4DCD-9CFA-E65D1D96E2CB}.Release|Any CPU.Build.0 = Release|Any CPU
		{D8727DBF-F2DD-41A6-8A1D-C8190A8263FE}.Debug|Any CPU.ActiveCfg = Debug|Any CPU
		{D8727DBF-F2DD-41A6-8A1D-C8190A8263FE}.Debug|Any CPU.Build.0 = Debug|Any CPU
		{D8727DBF-F2DD-41A6-8A1D-C8190A8263FE}.Release|Any CPU.ActiveCfg = Release|Any CPU
		{D8727DBF-F2DD-41A6-8A1D-C8190A8263FE}.Release|Any CPU.Build.0 = Release|Any CPU
		{AFE151C9-82F8-47EA-8831-673C45A7ADD4}.Debug|Any CPU.ActiveCfg = Debug|Any CPU
		{AFE151C9-82F8-47EA-8831-673C45A7ADD4}.Debug|Any CPU.Build.0 = Debug|Any CPU
		{AFE151C9-82F8-47EA-8831-673C45A7ADD4}.Release|Any CPU.ActiveCfg = Release|Any CPU
		{AFE151C9-82F8-47EA-8831-673C45A7ADD4}.Release|Any CPU.Build.0 = Release|Any CPU
		{31444FF0-F9CA-424F-A1AD-0884DCD9474C}.Debug|Any CPU.ActiveCfg = Debug|Any CPU
		{31444FF0-F9CA-424F-A1AD-0884DCD9474C}.Debug|Any CPU.Build.0 = Debug|Any CPU
		{31444FF0-F9CA-424F-A1AD-0884DCD9474C}.Release|Any CPU.ActiveCfg = Release|Any CPU
		{31444FF0-F9CA-424F-A1AD-0884DCD9474C}.Release|Any CPU.Build.0 = Release|Any CPU
		{465599BE-E260-4232-A685-E8232F3221D2}.Debug|Any CPU.ActiveCfg = Debug|Any CPU
		{465599BE-E260-4232-A685-E8232F3221D2}.Debug|Any CPU.Build.0 = Debug|Any CPU
		{465599BE-E260-4232-A685-E8232F3221D2}.Release|Any CPU.ActiveCfg = Release|Any CPU
		{465599BE-E260-4232-A685-E8232F3221D2}.Release|Any CPU.Build.0 = Release|Any CPU
		{A9058C9D-2616-4D0A-BE47-60FFE8F29AA3}.Debug|Any CPU.ActiveCfg = Debug|Any CPU
		{A9058C9D-2616-4D0A-BE47-60FFE8F29AA3}.Debug|Any CPU.Build.0 = Debug|Any CPU
		{A9058C9D-2616-4D0A-BE47-60FFE8F29AA3}.Release|Any CPU.ActiveCfg = Release|Any CPU
		{A9058C9D-2616-4D0A-BE47-60FFE8F29AA3}.Release|Any CPU.Build.0 = Release|Any CPU
		{FAAD1712-F617-4931-844E-9BF4678A1715}.Debug|Any CPU.ActiveCfg = Debug|Any CPU
		{FAAD1712-F617-4931-844E-9BF4678A1715}.Debug|Any CPU.Build.0 = Debug|Any CPU
		{FAAD1712-F617-4931-844E-9BF4678A1715}.Release|Any CPU.ActiveCfg = Release|Any CPU
		{FAAD1712-F617-4931-844E-9BF4678A1715}.Release|Any CPU.Build.0 = Release|Any CPU
		{C3876915-9EF5-4879-962C-E15F52877B7C}.Debug|Any CPU.ActiveCfg = Debug|Any CPU
		{C3876915-9EF5-4879-962C-E15F52877B7C}.Debug|Any CPU.Build.0 = Debug|Any CPU
		{C3876915-9EF5-4879-962C-E15F52877B7C}.Release|Any CPU.ActiveCfg = Release|Any CPU
		{C3876915-9EF5-4879-962C-E15F52877B7C}.Release|Any CPU.Build.0 = Release|Any CPU
		{33C9A05D-179E-40AC-B2C9-F7880A644E69}.Debug|Any CPU.ActiveCfg = Debug|Any CPU
		{33C9A05D-179E-40AC-B2C9-F7880A644E69}.Debug|Any CPU.Build.0 = Debug|Any CPU
		{33C9A05D-179E-40AC-B2C9-F7880A644E69}.Release|Any CPU.ActiveCfg = Release|Any CPU
		{33C9A05D-179E-40AC-B2C9-F7880A644E69}.Release|Any CPU.Build.0 = Release|Any CPU
		{4EF39EA6-1485-4A1D-A770-C5E90F015D36}.Debug|Any CPU.ActiveCfg = Debug|Any CPU
		{4EF39EA6-1485-4A1D-A770-C5E90F015D36}.Debug|Any CPU.Build.0 = Debug|Any CPU
		{4EF39EA6-1485-4A1D-A770-C5E90F015D36}.Release|Any CPU.ActiveCfg = Release|Any CPU
		{4EF39EA6-1485-4A1D-A770-C5E90F015D36}.Release|Any CPU.Build.0 = Release|Any CPU
		{3FDE455B-8A67-4A2C-94F7-30D4FAD9A2E3}.Debug|Any CPU.ActiveCfg = Debug|Any CPU
		{3FDE455B-8A67-4A2C-94F7-30D4FAD9A2E3}.Debug|Any CPU.Build.0 = Debug|Any CPU
		{3FDE455B-8A67-4A2C-94F7-30D4FAD9A2E3}.Release|Any CPU.ActiveCfg = Release|Any CPU
		{3FDE455B-8A67-4A2C-94F7-30D4FAD9A2E3}.Release|Any CPU.Build.0 = Release|Any CPU
		{602363C0-8B06-436B-8D6F-3133C7718BBE}.Debug|Any CPU.ActiveCfg = Debug|Any CPU
		{602363C0-8B06-436B-8D6F-3133C7718BBE}.Debug|Any CPU.Build.0 = Debug|Any CPU
		{602363C0-8B06-436B-8D6F-3133C7718BBE}.Release|Any CPU.ActiveCfg = Release|Any CPU
		{602363C0-8B06-436B-8D6F-3133C7718BBE}.Release|Any CPU.Build.0 = Release|Any CPU
		{914B46C0-9244-4BE8-9CA2-E94CB8C615C7}.Debug|Any CPU.ActiveCfg = Debug|Any CPU
		{914B46C0-9244-4BE8-9CA2-E94CB8C615C7}.Debug|Any CPU.Build.0 = Debug|Any CPU
		{914B46C0-9244-4BE8-9CA2-E94CB8C615C7}.Release|Any CPU.ActiveCfg = Release|Any CPU
		{914B46C0-9244-4BE8-9CA2-E94CB8C615C7}.Release|Any CPU.Build.0 = Release|Any CPU
		{905A2DC4-F643-4CB9-BE0F-86F3F4A37E52}.Debug|Any CPU.ActiveCfg = Debug|Any CPU
		{905A2DC4-F643-4CB9-BE0F-86F3F4A37E52}.Debug|Any CPU.Build.0 = Debug|Any CPU
		{905A2DC4-F643-4CB9-BE0F-86F3F4A37E52}.Release|Any CPU.ActiveCfg = Release|Any CPU
		{905A2DC4-F643-4CB9-BE0F-86F3F4A37E52}.Release|Any CPU.Build.0 = Release|Any CPU
		{31CCB5FF-4DD9-476B-B2F1-B0297394BB6C}.Debug|Any CPU.ActiveCfg = Debug|Any CPU
		{31CCB5FF-4DD9-476B-B2F1-B0297394BB6C}.Debug|Any CPU.Build.0 = Debug|Any CPU
		{31CCB5FF-4DD9-476B-B2F1-B0297394BB6C}.Release|Any CPU.ActiveCfg = Release|Any CPU
		{31CCB5FF-4DD9-476B-B2F1-B0297394BB6C}.Release|Any CPU.Build.0 = Release|Any CPU
		{02A99EC9-536E-4D2B-BD9E-1F7A8B9AF4B5}.Debug|Any CPU.ActiveCfg = Debug|Any CPU
		{02A99EC9-536E-4D2B-BD9E-1F7A8B9AF4B5}.Debug|Any CPU.Build.0 = Debug|Any CPU
		{02A99EC9-536E-4D2B-BD9E-1F7A8B9AF4B5}.Release|Any CPU.ActiveCfg = Release|Any CPU
		{02A99EC9-536E-4D2B-BD9E-1F7A8B9AF4B5}.Release|Any CPU.Build.0 = Release|Any CPU
		{D1BD4004-0025-4A16-9227-E3E8646B7C45}.Debug|Any CPU.ActiveCfg = Debug|Any CPU
		{D1BD4004-0025-4A16-9227-E3E8646B7C45}.Debug|Any CPU.Build.0 = Debug|Any CPU
		{D1BD4004-0025-4A16-9227-E3E8646B7C45}.Release|Any CPU.ActiveCfg = Release|Any CPU
		{D1BD4004-0025-4A16-9227-E3E8646B7C45}.Release|Any CPU.Build.0 = Release|Any CPU
		{FAD874BE-C46E-42FF-8726-B9EA9B09CAE5}.Debug|Any CPU.ActiveCfg = Debug|Any CPU
		{FAD874BE-C46E-42FF-8726-B9EA9B09CAE5}.Debug|Any CPU.Build.0 = Debug|Any CPU
		{FAD874BE-C46E-42FF-8726-B9EA9B09CAE5}.Release|Any CPU.ActiveCfg = Release|Any CPU
		{FAD874BE-C46E-42FF-8726-B9EA9B09CAE5}.Release|Any CPU.Build.0 = Release|Any CPU
		{168EDFA6-A714-45EF-9319-C3705DE3EF0A}.Debug|Any CPU.ActiveCfg = Debug|Any CPU
		{168EDFA6-A714-45EF-9319-C3705DE3EF0A}.Debug|Any CPU.Build.0 = Debug|Any CPU
		{168EDFA6-A714-45EF-9319-C3705DE3EF0A}.Release|Any CPU.ActiveCfg = Release|Any CPU
		{168EDFA6-A714-45EF-9319-C3705DE3EF0A}.Release|Any CPU.Build.0 = Release|Any CPU
		{E7C1A4A9-6D14-4AE5-A017-5989509D09F5}.Debug|Any CPU.ActiveCfg = Debug|Any CPU
		{E7C1A4A9-6D14-4AE5-A017-5989509D09F5}.Debug|Any CPU.Build.0 = Debug|Any CPU
		{E7C1A4A9-6D14-4AE5-A017-5989509D09F5}.Release|Any CPU.ActiveCfg = Release|Any CPU
		{E7C1A4A9-6D14-4AE5-A017-5989509D09F5}.Release|Any CPU.Build.0 = Release|Any CPU
		{F366F9E1-0115-4A66-B7C3-A2EF966DC561}.Debug|Any CPU.ActiveCfg = Debug|Any CPU
		{F366F9E1-0115-4A66-B7C3-A2EF966DC561}.Debug|Any CPU.Build.0 = Debug|Any CPU
		{F366F9E1-0115-4A66-B7C3-A2EF966DC561}.Release|Any CPU.ActiveCfg = Release|Any CPU
		{F366F9E1-0115-4A66-B7C3-A2EF966DC561}.Release|Any CPU.Build.0 = Release|Any CPU
		{D851F521-085C-41A1-B0AD-51AC00D11FC9}.Debug|Any CPU.ActiveCfg = Debug|Any CPU
		{D851F521-085C-41A1-B0AD-51AC00D11FC9}.Debug|Any CPU.Build.0 = Debug|Any CPU
		{D851F521-085C-41A1-B0AD-51AC00D11FC9}.Release|Any CPU.ActiveCfg = Release|Any CPU
		{D851F521-085C-41A1-B0AD-51AC00D11FC9}.Release|Any CPU.Build.0 = Release|Any CPU
	EndGlobalSection
	GlobalSection(SolutionProperties) = preSolution
		HideSolutionNode = FALSE
	EndGlobalSection
	GlobalSection(NestedProjects) = preSolution
		{E846D43A-CA20-481E-B483-6E9B705D7E0C} = {18B9C7AF-A3B6-451E-9472-6F5DEB6CA217}
		{72F9D5E7-65FB-4F9B-BB0C-36F74F03925E} = {18B9C7AF-A3B6-451E-9472-6F5DEB6CA217}
		{50730021-5D27-4DCD-9CFA-E65D1D96E2CB} = {18B9C7AF-A3B6-451E-9472-6F5DEB6CA217}
		{D8727DBF-F2DD-41A6-8A1D-C8190A8263FE} = {2A2F24AC-AFF7-41C8-89BB-3265BFF753ED}
		{AFE151C9-82F8-47EA-8831-673C45A7ADD4} = {2A2F24AC-AFF7-41C8-89BB-3265BFF753ED}
		{31444FF0-F9CA-424F-A1AD-0884DCD9474C} = {2A2F24AC-AFF7-41C8-89BB-3265BFF753ED}
		{465599BE-E260-4232-A685-E8232F3221D2} = {77EBE75C-6629-4029-8C31-3C4384E665BC}
		{A9058C9D-2616-4D0A-BE47-60FFE8F29AA3} = {77EBE75C-6629-4029-8C31-3C4384E665BC}
		{FAAD1712-F617-4931-844E-9BF4678A1715} = {77EBE75C-6629-4029-8C31-3C4384E665BC}
		{C3876915-9EF5-4879-962C-E15F52877B7C} = {0332BA42-D198-426B-A581-8A7D4B2FF5FE}
		{33C9A05D-179E-40AC-B2C9-F7880A644E69} = {0332BA42-D198-426B-A581-8A7D4B2FF5FE}
		{4EF39EA6-1485-4A1D-A770-C5E90F015D36} = {0332BA42-D198-426B-A581-8A7D4B2FF5FE}
		{3FDE455B-8A67-4A2C-94F7-30D4FAD9A2E3} = {7BF7A959-9780-4C30-A4C1-CD27665E8E4E}
		{602363C0-8B06-436B-8D6F-3133C7718BBE} = {7BF7A959-9780-4C30-A4C1-CD27665E8E4E}
		{914B46C0-9244-4BE8-9CA2-E94CB8C615C7} = {7BF7A959-9780-4C30-A4C1-CD27665E8E4E}
		{905A2DC4-F643-4CB9-BE0F-86F3F4A37E52} = {C9072148-BCD0-402C-A20A-B469096323C1}
		{31CCB5FF-4DD9-476B-B2F1-B0297394BB6C} = {C9072148-BCD0-402C-A20A-B469096323C1}
		{02A99EC9-536E-4D2B-BD9E-1F7A8B9AF4B5} = {C9072148-BCD0-402C-A20A-B469096323C1}
		{D1BD4004-0025-4A16-9227-E3E8646B7C45} = {5BB6BFCB-F87C-4D15-A5D1-57462763E358}
		{FAD874BE-C46E-42FF-8726-B9EA9B09CAE5} = {5BB6BFCB-F87C-4D15-A5D1-57462763E358}
		{168EDFA6-A714-45EF-9319-C3705DE3EF0A} = {5BB6BFCB-F87C-4D15-A5D1-57462763E358}
		{E7C1A4A9-6D14-4AE5-A017-5989509D09F5} = {FEE37CC1-8C18-45F9-BCB7-D643723D6520}
		{F366F9E1-0115-4A66-B7C3-A2EF966DC561} = {FEE37CC1-8C18-45F9-BCB7-D643723D6520}
		{D851F521-085C-41A1-B0AD-51AC00D11FC9} = {FEE37CC1-8C18-45F9-BCB7-D643723D6520}
	EndGlobalSection
	GlobalSection(ExtensibilityGlobals) = postSolution
		SolutionGuid = {3CB0DCFA-2FAE-4547-B5D9-6E8FF89DD8D4}
	EndGlobalSection
EndGlobal
